
Microsoft Visual Studio Solution File, Format Version 12.00
# Visual Studio Version 16
VisualStudioVersion = 16.0.31019.35
MinimumVisualStudioVersion = 10.0.40219.1
Project("{FAE04EC0-301F-11D3-BF4B-00C04F79EFBC}") = "chess", "chess\chess.csproj", "{16AAEE5B-96A8-42C6-896C-3034B7A12E4D}"
EndProject
Global
	GlobalSection(SolutionConfigurationPlatforms) = preSolution
		Debug|Any CPU = Debug|Any CPU
		Release|Any CPU = Release|Any CPU
	EndGlobalSection
	GlobalSection(ProjectConfigurationPlatforms) = postSolution
		{16AAEE5B-96A8-42C6-896C-3034B7A12E4D}.Debug|Any CPU.ActiveCfg = Debug|Any CPU
		{16AAEE5B-96A8-42C6-896C-3034B7A12E4D}.Debug|Any CPU.Build.0 = Debug|Any CPU
		{16AAEE5B-96A8-42C6-896C-3034B7A12E4D}.Release|Any CPU.ActiveCfg = Release|Any CPU
		{16AAEE5B-96A8-42C6-896C-3034B7A12E4D}.Release|Any CPU.Build.0 = Release|Any CPU
	EndGlobalSection
	GlobalSection(SolutionProperties) = preSolution
		HideSolutionNode = FALSE
	EndGlobalSection
	GlobalSection(ExtensibilityGlobals) = postSolution
		SolutionGuid = {9E92C07E-A245-4D05-BD06-4A3EC115A54E}
	EndGlobalSection
EndGlobal
